---
- name: DEMONSTRATE LOCKING
  hosts: fortimanager
  connection: local
  gather_facts: false
  tasks:
    - name: LOCK THE LAB ADOM
      fortimgr_lock:
        host: "{{ ansible_host }}"
        username: "{{ ansible_user }}"
        password: "{{ ansible_password }}"
        adom: "lab"
        lock: True
      register: session

    - name: SET SESSION ID
      set_fact:
        session_id: "{{ session.session_id }}"

    - name: MAKE CHANGE
      fortimgr_address:
        host: "{{ ansible_host }}"
        session_id: "{{ session_id }}"
        adom: "lab"
        address_name: "Server01"
        type: "ipmask"
        subnet: "10.1.1.1/32"

    - name: SAVE THE ADOM CONFIG
      fortimgr_lock:
        host: "{{ ansible_host }}"
        session_id: "{{ session_id }}"
        adom: "lab"
        save: True
    
    - name: MAKE CHANGE
      fortimgr_address:
        host: "{{ ansible_host }}"
        session_id: "{{ session_id }}"
        adom: "lab"
        address_name: "Server02"
        type: "ipmask"
        subnet: "10.1.1.2/32"

    - name: SAVE AND UNLOCK THE ADOM
      fortimgr_lock:
        host: "{{ ansible_host }}"
        session_id: "{{ session_id }}"
        adom: "lab"
        save: True
        unlock: True
